{
  "name": "plugins",
  "lockfileVersion": 3,
  "requires": true,
  "packages": {
    "": {
      "dependencies": {
        "@claude-flow/plugin-agentic-qe": "^3.0.0-alpha.4",
        "@claude-flow/plugin-neural-coordination": "^3.0.0-alpha.1"
      }
    },
    "node_modules/@claude-flow/plugin-agentic-qe": {
      "version": "3.0.0-alpha.4",
      "resolved": "https://registry.npmjs.org/@claude-flow/plugin-agentic-qe/-/plugin-agentic-qe-3.0.0-alpha.4.tgz",
      "integrity": "sha512-GYZn8oIxViDsC/EPowhEfv4DELaDlADU0xp2gDmFjCNjGdvXqIm5T0r2P4Psx/gYHOvqUocrYgdXyPDPBgt2lw==",
      "license": "MIT",
      "dependencies": {
        "zod": "^3.23.0"
      },
      "engines": {
        "node": ">=20.0.0"
      },
      "peerDependencies": {
        "@claude-flow/embeddings": ">=3.0.0",
        "@claude-flow/memory": ">=3.0.0",
        "@claude-flow/plugins": ">=3.0.0",
        "@claude-flow/security": ">=3.0.0"
      },
      "peerDependenciesMeta": {
        "@claude-flow/browser": {
          "optional": true
        },
        "@claude-flow/embeddings": {
          "optional": true
        },
        "@claude-flow/memory": {
          "optional": true
        },
        "@claude-flow/plugins": {
          "optional": true
        },
        "@claude-flow/security": {
          "optional": true
        },
        "@ruvector/attention": {
          "optional": true
        },
        "@ruvector/gnn": {
          "optional": true
        },
        "@ruvector/sona": {
          "optional": true
        }
      }
    },
    "node_modules/@claude-flow/plugin-neural-coordination": {
      "version": "3.0.0-alpha.1",
      "resolved": "https://registry.npmjs.org/@claude-flow/plugin-neural-coordination/-/plugin-neural-coordination-3.0.0-alpha.1.tgz",
      "integrity": "sha512-YlTGip+bj4U3ceN0+uIDe7DHNRnvqQDdNhC6xgJUn+8lD/xcRq7O9rkD/TsdXdoiJG2vJM0mZ0vLM3T5Nv/dHQ==",
      "license": "MIT",
      "dependencies": {
        "zod": "^3.22.4"
      },
      "engines": {
        "node": ">=18.0.0"
      },
      "peerDependencies": {
        "@claude-flow/ruvector-upstream": ">=3.0.0-alpha.1"
      },
      "peerDependenciesMeta": {
        "@claude-flow/ruvector-upstream": {
          "optional": true
        }
      }
    },
    "node_modules/zod": {
      "version": "3.25.76",
      "resolved": "https://registry.npmjs.org/zod/-/zod-3.25.76.tgz",
      "integrity": "sha512-gzUt/qt81nXsFGKIFcC3YnfEAx5NkunCfnDlvuBSSFS02bcXu4Lmea0AFIUwbLWxWPx3d9p8S5QoaujKcNQxcQ==",
      "license": "MIT",
      "funding": {
        "url": "https://github.com/sponsors/colinhacks"
      }
    }
  }
}
